
Microsoft Visual Studio Solution File, Format Version 12.00
# Visual Studio 15
Project("{FAE04EC0-301F-11D3-BF4B-00C04F79EFBC}") = "Assembly-CSharp-firstpass", "Assembly-CSharp-firstpass.csproj", "{B7567419-A682-5B4A-D51F-A4A60FE297BF}"
EndProject
Project("{FAE04EC0-301F-11D3-BF4B-00C04F79EFBC}") = "Assembly-CSharp", "Assembly-CSharp.csproj", "{E4D986D8-460B-9ACB-1E81-BECFEB372CD2}"
EndProject
Project("{FAE04EC0-301F-11D3-BF4B-00C04F79EFBC}") = "Assembly-CSharp-Editor-firstpass", "Assembly-CSharp-Editor-firstpass.csproj", "{0BCFBE4B-8B92-81F5-C6C4-E57A7573FC7B}"
EndProject
Global
	GlobalSection(SolutionConfigurationPlatforms) = preSolution
		Debug|Any CPU = Debug|Any CPU
		Release|Any CPU = Release|Any CPU
	EndGlobalSection
	GlobalSection(ProjectConfigurationPlatforms) = postSolution
		{B7567419-A682-5B4A-D51F-A4A60FE297BF}.Debug|Any CPU.ActiveCfg = Debug|Any CPU
		{B7567419-A682-5B4A-D51F-A4A60FE297BF}.Debug|Any CPU.Build.0 = Debug|Any CPU
		{B7567419-A682-5B4A-D51F-A4A60FE297BF}.Release|Any CPU.ActiveCfg = Release|Any CPU
		{B7567419-A682-5B4A-D51F-A4A60FE297BF}.Release|Any CPU.Build.0 = Release|Any CPU
		{E4D986D8-460B-9ACB-1E81-BECFEB372CD2}.Debug|Any CPU.ActiveCfg = Debug|Any CPU
		{E4D986D8-460B-9ACB-1E81-BECFEB372CD2}.Debug|Any CPU.Build.0 = Debug|Any CPU
		{E4D986D8-460B-9ACB-1E81-BECFEB372CD2}.Release|Any CPU.ActiveCfg = Release|Any CPU
		{E4D986D8-460B-9ACB-1E81-BECFEB372CD2}.Release|Any CPU.Build.0 = Release|Any CPU
		{0BCFBE4B-8B92-81F5-C6C4-E57A7573FC7B}.Debug|Any CPU.ActiveCfg = Debug|Any CPU
		{0BCFBE4B-8B92-81F5-C6C4-E57A7573FC7B}.Debug|Any CPU.Build.0 = Debug|Any CPU
		{0BCFBE4B-8B92-81F5-C6C4-E57A7573FC7B}.Release|Any CPU.ActiveCfg = Release|Any CPU
		{0BCFBE4B-8B92-81F5-C6C4-E57A7573FC7B}.Release|Any CPU.Build.0 = Release|Any CPU
	EndGlobalSection
	GlobalSection(SolutionProperties) = preSolution
		HideSolutionNode = FALSE
	EndGlobalSection
EndGlobal
